
Microsoft Visual Studio Solution File, Format Version 12.00
# Visual Studio Version 17
VisualStudioVersion = 17.14.37314.3
MinimumVisualStudioVersion = 10.0.40219.1
Project("{FAE04EC0-301F-11D3-BF4B-00C04F79EFBC}") = "Punto7", "Punto1\Punto7.csproj", "{0F1383D7-A835-4AE1-8A59-9338B3C5843C}"
EndProject
Project("{FAE04EC0-301F-11D3-BF4B-00C04F79EFBC}") = "Punto8", "Punto8\Punto8.csproj", "{A3CAC640-D1F6-44CF-8A81-42274EC76A28}"
EndProject
Project("{FAE04EC0-301F-11D3-BF4B-00C04F79EFBC}") = "Punto9", "Punto9\Punto9.csproj", "{B0BE40BA-93C1-468D-AAFC-AD0A277C5302}"
EndProject
Project("{FAE04EC0-301F-11D3-BF4B-00C04F79EFBC}") = "Punto10", "Punto10\Punto10.csproj", "{63900BF9-BFD2-41B5-B3AD-E212B81F508B}"
EndProject
Global
	GlobalSection(SolutionConfigurationPlatforms) = preSolution
		Debug|Any CPU = Debug|Any CPU
		Release|Any CPU = Release|Any CPU
	EndGlobalSection
	GlobalSection(ProjectConfigurationPlatforms) = postSolution
		{0F1383D7-A835-4AE1-8A59-9338B3C5843C}.Debug|Any CPU.ActiveCfg = Debug|Any CPU
		{0F1383D7-A835-4AE1-8A59-9338B3C5843C}.Debug|Any CPU.Build.0 = Debug|Any CPU
		{0F1383D7-A835-4AE1-8A59-9338B3C5843C}.Release|Any CPU.ActiveCfg = Release|Any CPU
		{0F1383D7-A835-4AE1-8A59-9338B3C5843C}.Release|Any CPU.Build.0 = Release|Any CPU
		{A3CAC640-D1F6-44CF-8A81-42274EC76A28}.Debug|Any CPU.ActiveCfg = Debug|Any CPU
		{A3CAC640-D1F6-44CF-8A81-42274EC76A28}.Debug|Any CPU.Build.0 = Debug|Any CPU
		{A3CAC640-D1F6-44CF-8A81-42274EC76A28}.Release|Any CPU.ActiveCfg = Release|Any CPU
		{A3CAC640-D1F6-44CF-8A81-42274EC76A28}.Release|Any CPU.Build.0 = Release|Any CPU
		{B0BE40BA-93C1-468D-AAFC-AD0A277C5302}.Debug|Any CPU.ActiveCfg = Debug|Any CPU
		{B0BE40BA-93C1-468D-AAFC-AD0A277C5302}.Debug|Any CPU.Build.0 = Debug|Any CPU
		{B0BE40BA-93C1-468D-AAFC-AD0A277C5302}.Release|Any CPU.ActiveCfg = Release|Any CPU
		{B0BE40BA-93C1-468D-AAFC-AD0A277C5302}.Release|Any CPU.Build.0 = Release|Any CPU
		{63900BF9-BFD2-41B5-B3AD-E212B81F508B}.Debug|Any CPU.ActiveCfg = Debug|Any CPU
		{63900BF9-BFD2-41B5-B3AD-E212B81F508B}.Debug|Any CPU.Build.0 = Debug|Any CPU
		{63900BF9-BFD2-41B5-B3AD-E212B81F508B}.Release|Any CPU.ActiveCfg = Release|Any CPU
		{63900BF9-BFD2-41B5-B3AD-E212B81F508B}.Release|Any CPU.Build.0 = Release|Any CPU
	EndGlobalSection
	GlobalSection(SolutionProperties) = preSolution
		HideSolutionNode = FALSE
	EndGlobalSection
	GlobalSection(ExtensibilityGlobals) = postSolution
		SolutionGuid = {3343BDAC-E62B-4588-8EE5-C0271A13A731}
	EndGlobalSection
EndGlobal
