<Solution>
  <Project Path="Punto2/Punto2.csproj" Id="b919a788-e197-430a-9633-c261757554d4" />
  <Project Path="Punto3/Punto3.csproj" Id="a2ce0c32-e2ab-4b3e-a29b-189f5408e88c" />
  <Project Path="Punto4/Punto4.csproj" Id="2be04451-933e-4167-b365-695c25e23bd2" />
  <Project Path="Punto5/Punto5.csproj" Id="0671b359-9813-4bfd-81a0-7382289829c4" />
  <Project Path="Punto6/Punto6.csproj" Id="bd22f0d8-adc2-4f16-8bc3-d4ac9a86036a" />
  <Project Path="[IgnacioGonzalez]-Act1/Punto1.csproj" Id="86ca942f-b545-4d78-997c-55fa3f15920d" />
</Solution>
