<Solution>
  <Project Path="Punto1/Punto1.csproj" Id="9925043b-02af-46f2-be7d-de96a5e0bb18" />
  <Project Path="Punto2/Punto2.csproj" Id="31ea2b4c-3ba8-40be-a932-af035d385e32" />
  <Project Path="Punto3/Punto3.csproj" Id="bc8a0678-3ddb-462f-828f-f34682390ae3" />
  <Project Path="Punto4/Punto4.csproj" Id="9944ae51-4d8a-4d1c-bdb1-72516722d1b4" />
</Solution>
