<Solution>
  <Project Path="Punto1/Punto1.csproj" Id="679efca9-080d-4fc6-ac83-06fa6895d181" />
  <Project Path="Punto2/Punto2.csproj" Id="0b2be9f5-a102-45ed-8484-6782d802f6bb" />
  <Project Path="Punto3/Punto3.csproj" Id="6c322f20-b747-44a6-a009-b83b53da60d7" />
  <Project Path="Punto4/Punto4.csproj" Id="3bb0cc68-92ad-42c1-9859-6018744be77d" />
</Solution>
