
Microsoft Visual Studio Solution File, Format Version 12.00
# Visual Studio Version 17
VisualStudioVersion = 17.14.37314.3 d17.14
MinimumVisualStudioVersion = 10.0.40219.1
Project("{FAE04EC0-301F-11D3-BF4B-00C04F79EFBC}") = "Punto1", "Punto1\Punto1.csproj", "{AE2DA9DE-F7DD-426C-91D8-A3B37CE1CB21}"
EndProject
Project("{FAE04EC0-301F-11D3-BF4B-00C04F79EFBC}") = "Punto2", "Punto2\Punto2.csproj", "{91B68AA7-D2A7-4492-ADCF-1DC4797104DF}"
EndProject
Project("{FAE04EC0-301F-11D3-BF4B-00C04F79EFBC}") = "Punto3", "Punto3\Punto3.csproj", "{573A3B88-67B6-4536-BFF7-66008E469C58}"
EndProject
Global
	GlobalSection(SolutionConfigurationPlatforms) = preSolution
		Debug|Any CPU = Debug|Any CPU
		Release|Any CPU = Release|Any CPU
	EndGlobalSection
	GlobalSection(ProjectConfigurationPlatforms) = postSolution
		{AE2DA9DE-F7DD-426C-91D8-A3B37CE1CB21}.Debug|Any CPU.ActiveCfg = Debug|Any CPU
		{AE2DA9DE-F7DD-426C-91D8-A3B37CE1CB21}.Debug|Any CPU.Build.0 = Debug|Any CPU
		{AE2DA9DE-F7DD-426C-91D8-A3B37CE1CB21}.Release|Any CPU.ActiveCfg = Release|Any CPU
		{AE2DA9DE-F7DD-426C-91D8-A3B37CE1CB21}.Release|Any CPU.Build.0 = Release|Any CPU
		{91B68AA7-D2A7-4492-ADCF-1DC4797104DF}.Debug|Any CPU.ActiveCfg = Debug|Any CPU
		{91B68AA7-D2A7-4492-ADCF-1DC4797104DF}.Debug|Any CPU.Build.0 = Debug|Any CPU
		{91B68AA7-D2A7-4492-ADCF-1DC4797104DF}.Release|Any CPU.ActiveCfg = Release|Any CPU
		{91B68AA7-D2A7-4492-ADCF-1DC4797104DF}.Release|Any CPU.Build.0 = Release|Any CPU
		{573A3B88-67B6-4536-BFF7-66008E469C58}.Debug|Any CPU.ActiveCfg = Debug|Any CPU
		{573A3B88-67B6-4536-BFF7-66008E469C58}.Debug|Any CPU.Build.0 = Debug|Any CPU
		{573A3B88-67B6-4536-BFF7-66008E469C58}.Release|Any CPU.ActiveCfg = Release|Any CPU
		{573A3B88-67B6-4536-BFF7-66008E469C58}.Release|Any CPU.Build.0 = Release|Any CPU
	EndGlobalSection
	GlobalSection(SolutionProperties) = preSolution
		HideSolutionNode = FALSE
	EndGlobalSection
	GlobalSection(ExtensibilityGlobals) = postSolution
		SolutionGuid = {AADD2EF1-1EBE-4CBB-8D2A-363AD9612C06}
	EndGlobalSection
EndGlobal
