<Solution>
  <Project Path="Punto1/Punto1.csproj" Id="c9ce53f6-fc77-4874-b7b7-44ba8e0b8a1d" />
  <Project Path="Punto2/Punto2.csproj" Id="9399180b-6997-4f35-9103-5a8b6325b901" />
  <Project Path="Punto3/Punto3.csproj" Id="904627c6-01c7-4099-a8f1-4e492b9f7314" />
  <Project Path="Punto4/Punto4.csproj" Id="07805399-e3f5-4c0b-878e-ebaedf180368" />
</Solution>
